
Microsoft Visual Studio Solution File, Format Version 12.00
# Visual Studio Version 16
VisualStudioVersion = 16.0.28803.202
MinimumVisualStudioVersion = 10.0.40219.1
Project("{8BC9CEB8-8B4A-11D0-8D11-00A0C91BC942}") = "mp2-lab3-calculator", "mp2-lab3-calculator\mp2-lab3-calculator.vcxproj", "{C668164B-1103-497D-BFE3-1CBC179107A9}"
EndProject
Project("{8BC9CEB8-8B4A-11D0-8D11-00A0C91BC942}") = "test", "test\test.vcxproj", "{6D3D4A32-2144-4575-9C42-334E71746119}"
EndProject
Global
	GlobalSection(SolutionConfigurationPlatforms) = preSolution
		Debug|x64 = Debug|x64
		Debug|x86 = Debug|x86
		Release|x64 = Release|x64
		Release|x86 = Release|x86
	EndGlobalSection
	GlobalSection(ProjectConfigurationPlatforms) = postSolution
		{C668164B-1103-497D-BFE3-1CBC179107A9}.Debug|x64.ActiveCfg = Debug|x64
		{C668164B-1103-497D-BFE3-1CBC179107A9}.Debug|x64.Build.0 = Debug|x64
		{C668164B-1103-497D-BFE3-1CBC179107A9}.Debug|x86.ActiveCfg = Debug|Win32
		{C668164B-1103-497D-BFE3-1CBC179107A9}.Debug|x86.Build.0 = Debug|Win32
		{C668164B-1103-497D-BFE3-1CBC179107A9}.Release|x64.ActiveCfg = Release|x64
		{C668164B-1103-497D-BFE3-1CBC179107A9}.Release|x64.Build.0 = Release|x64
		{C668164B-1103-497D-BFE3-1CBC179107A9}.Release|x86.ActiveCfg = Release|Win32
		{C668164B-1103-497D-BFE3-1CBC179107A9}.Release|x86.Build.0 = Release|Win32
		{6D3D4A32-2144-4575-9C42-334E71746119}.Debug|x64.ActiveCfg = Debug|x64
		{6D3D4A32-2144-4575-9C42-334E71746119}.Debug|x64.Build.0 = Debug|x64
		{6D3D4A32-2144-4575-9C42-334E71746119}.Debug|x86.ActiveCfg = Debug|Win32
		{6D3D4A32-2144-4575-9C42-334E71746119}.Debug|x86.Build.0 = Debug|Win32
		{6D3D4A32-2144-4575-9C42-334E71746119}.Release|x64.ActiveCfg = Release|x64
		{6D3D4A32-2144-4575-9C42-334E71746119}.Release|x64.Build.0 = Release|x64
		{6D3D4A32-2144-4575-9C42-334E71746119}.Release|x86.ActiveCfg = Release|Win32
		{6D3D4A32-2144-4575-9C42-334E71746119}.Release|x86.Build.0 = Release|Win32
	EndGlobalSection
	GlobalSection(SolutionProperties) = preSolution
		HideSolutionNode = FALSE
	EndGlobalSection
	GlobalSection(ExtensibilityGlobals) = postSolution
		SolutionGuid = {58D55720-2B1A-4860-B359-94EA85361957}
	EndGlobalSection
EndGlobal
